
Microsoft Visual Studio Solution File, Format Version 12.00
# Visual Studio Version 17
VisualStudioVersion = 17.7.34009.444
MinimumVisualStudioVersion = 10.0.40219.1
Project("{FAE04EC0-301F-11D3-BF4B-00C04F79EFBC}") = "ADO_1", "ADO_1\ADO_1.csproj", "{232129BC-9BD5-4167-A1A0-0A676570B3D7}"
EndProject
Global
	GlobalSection(SolutionConfigurationPlatforms) = preSolution
		Debug|Any CPU = Debug|Any CPU
		Release|Any CPU = Release|Any CPU
	EndGlobalSection
	GlobalSection(ProjectConfigurationPlatforms) = postSolution
		{232129BC-9BD5-4167-A1A0-0A676570B3D7}.Debug|Any CPU.ActiveCfg = Debug|Any CPU
		{232129BC-9BD5-4167-A1A0-0A676570B3D7}.Debug|Any CPU.Build.0 = Debug|Any CPU
		{232129BC-9BD5-4167-A1A0-0A676570B3D7}.Release|Any CPU.ActiveCfg = Release|Any CPU
		{232129BC-9BD5-4167-A1A0-0A676570B3D7}.Release|Any CPU.Build.0 = Release|Any CPU
	EndGlobalSection
	GlobalSection(SolutionProperties) = preSolution
		HideSolutionNode = FALSE
	EndGlobalSection
	GlobalSection(ExtensibilityGlobals) = postSolution
		SolutionGuid = {13510DFA-96C1-48E8-87ED-6CDF784BAF11}
	EndGlobalSection
EndGlobal
